<?xml version="1.0" encoding="utf-8"?>
<Project ToolsVersion="4.0" xmlns="http://schemas.microsoft.com/developer/msbuild/2003">
  <ItemGroup>
    <Filter Include="Source Files">
      <UniqueIdentifier>{4FC737F1-C7A5-4376-A066-2A32D752A2FF}</UniqueIdentifier>
      <Extensions>cpp;c;cc;cxx;c++;cppm;ixx;def;odl;idl;hpj;bat;asm;asmx</Extensions>
    </Filter>
    <Filter Include="Header Files">
      <UniqueIdentifier>{93995380-89BD-4b04-88EB-625FBE52EBFB}</UniqueIdentifier>
      <Extensions>h;hh;hpp;hxx;h++;hm;inl;inc;ipp;xsd</Extensions>
    </Filter>
    <Filter Include="Resource Files">
      <UniqueIdentifier>{67DA6AB6-F800-4c08-8B7A-83BB121AAD01}</UniqueIdentifier>
      <Extensions>rc;ico;cur;bmp;dlg;rc2;rct;bin;rgs;gif;jpg;jpeg;jpe;resx;tiff;tif;png;wav;mfcribbon-ms</Extensions>
    </Filter>
  </ItemGroup>
  <ItemGroup>
    <ClCompile Include="Bank_OOP_MySol.cpp">
      <Filter>Source Files</Filter>
    </ClCompile>
  </ItemGroup>
  <ItemGroup>
    <ClInclude Include="ClsPerson.h">
      <Filter>Header Files</Filter>
    </ClInclude>
    <ClInclude Include="ClsBankClient.h">
      <Filter>Header Files</Filter>
    </ClInclude>
    <ClInclude Include="ClsString.h">
      <Filter>Header Files</Filter>
    </ClInclude>
    <ClInclude Include="ClsInputValidate.h">
      <Filter>Header Files</Filter>
    </ClInclude>
    <ClInclude Include="ClsUtil.h">
      <Filter>Header Files</Filter>
    </ClInclude>
    <ClInclude Include="ClsHeaderScreen.h">
      <Filter>Header Files</Filter>
    </ClInclude>
    <ClInclude Include="ClsMainScreen.h">
      <Filter>Header Files</Filter>
    </ClInclude>
    <ClInclude Include="ClsShowClientList.h">
      <Filter>Header Files</Filter>
    </ClInclude>
    <ClInclude Include="ClsAddNewClient.h">
      <Filter>Header Files</Filter>
    </ClInclude>
    <ClInclude Include="ClsDeleteClient.h">
      <Filter>Header Files</Filter>
    </ClInclude>
    <ClInclude Include="ClsUpdateClientScreen.h">
      <Filter>Header Files</Filter>
    </ClInclude>
    <ClInclude Include="ClsFindClient.h">
      <Filter>Header Files</Filter>
    </ClInclude>
    <ClInclude Include="ClsTransActionMenu.h">
      <Filter>Header Files</Filter>
    </ClInclude>
    <ClInclude Include="ClsDeposit.h">
      <Filter>Header Files</Filter>
    </ClInclude>
    <ClInclude Include="ClsWithdrawn.h">
      <Filter>Header Files</Filter>
    </ClInclude>
    <ClInclude Include="clsTotalBalancesScreen.h">
      <Filter>Header Files</Filter>
    </ClInclude>
    <ClInclude Include="ClsUsersScreen.h">
      <Filter>Header Files</Filter>
    </ClInclude>
    <ClInclude Include="ClsUsers.h">
      <Filter>Header Files</Filter>
    </ClInclude>
    <ClInclude Include="ClsListUsersScreen.h">
      <Filter>Header Files</Filter>
    </ClInclude>
    <ClInclude Include="ClsAddNewUser.h">
      <Filter>Header Files</Filter>
    </ClInclude>
    <ClInclude Include="ClsDeleteUser.h">
      <Filter>Header Files</Filter>
    </ClInclude>
    <ClInclude Include="ClsUpdateUser.h">
      <Filter>Header Files</Filter>
    </ClInclude>
    <ClInclude Include="ClsFindUser.h">
      <Filter>Header Files</Filter>
    </ClInclude>
    <ClInclude Include="ClsLoginScreen.h">
      <Filter>Header Files</Filter>
    </ClInclude>
    <ClInclude Include="Global.h">
      <Filter>Header Files</Filter>
    </ClInclude>
    <ClInclude Include="ClsDate.h">
      <Filter>Header Files</Filter>
    </ClInclude>
    <ClInclude Include="ClsShowUser_Date.h">
      <Filter>Header Files</Filter>
    </ClInclude>
    <ClInclude Include="ClsShowRegisterscr.h">
      <Filter>Header Files</Filter>
    </ClInclude>
    <ClInclude Include="ClsTransfer.h">
      <Filter>Header Files</Filter>
    </ClInclude>
    <ClInclude Include="ClsShowTransProcess.h">
      <Filter>Header Files</Filter>
    </ClInclude>
  </ItemGroup>
</Project>